
Microsoft Visual Studio Solution File, Format Version 12.00
# Visual Studio Version 17
VisualStudioVersion = 17.7.34202.233
MinimumVisualStudioVersion = 10.0.40219.1
Project("{FAE04EC0-301F-11D3-BF4B-00C04F79EFBC}") = "ChellengApp", "ChellengApp\ChellengApp.csproj", "{4C891814-61FE-4198-8580-7420947DE31E}"
EndProject
Global
	GlobalSection(SolutionConfigurationPlatforms) = preSolution
		Debug|Any CPU = Debug|Any CPU
		Release|Any CPU = Release|Any CPU
	EndGlobalSection
	GlobalSection(ProjectConfigurationPlatforms) = postSolution
		{4C891814-61FE-4198-8580-7420947DE31E}.Debug|Any CPU.ActiveCfg = Debug|Any CPU
		{4C891814-61FE-4198-8580-7420947DE31E}.Debug|Any CPU.Build.0 = Debug|Any CPU
		{4C891814-61FE-4198-8580-7420947DE31E}.Release|Any CPU.ActiveCfg = Release|Any CPU
		{4C891814-61FE-4198-8580-7420947DE31E}.Release|Any CPU.Build.0 = Release|Any CPU
	EndGlobalSection
	GlobalSection(SolutionProperties) = preSolution
		HideSolutionNode = FALSE
	EndGlobalSection
	GlobalSection(ExtensibilityGlobals) = postSolution
		SolutionGuid = {80488BDC-24D5-48F7-AEE6-CDA9266D4BBC}
	EndGlobalSection
EndGlobal
